
Microsoft Visual Studio Solution File, Format Version 12.00
# Visual Studio 14
VisualStudioVersion = 14.0.22823.1
MinimumVisualStudioVersion = 10.0.40219.1
Project("{FAE04EC0-301F-11D3-BF4B-00C04F79EFBC}") = "Kata", "Kata\Kata.csproj", "{280362E8-0247-4CAC-829E-D068DA086DB3}"
EndProject
Project("{FAE04EC0-301F-11D3-BF4B-00C04F79EFBC}") = "KataUnitTests", "KataUnitTests\KataUnitTests.csproj", "{9BFA2245-E8D2-442A-AD81-55D37A9E19A9}"
EndProject
Global
	GlobalSection(SolutionConfigurationPlatforms) = preSolution
		Debug|Any CPU = Debug|Any CPU
		Release|Any CPU = Release|Any CPU
	EndGlobalSection
	GlobalSection(ProjectConfigurationPlatforms) = postSolution
		{280362E8-0247-4CAC-829E-D068DA086DB3}.Debug|Any CPU.ActiveCfg = Debug|Any CPU
		{280362E8-0247-4CAC-829E-D068DA086DB3}.Debug|Any CPU.Build.0 = Debug|Any CPU
		{280362E8-0247-4CAC-829E-D068DA086DB3}.Release|Any CPU.ActiveCfg = Release|Any CPU
		{280362E8-0247-4CAC-829E-D068DA086DB3}.Release|Any CPU.Build.0 = Release|Any CPU
		{9BFA2245-E8D2-442A-AD81-55D37A9E19A9}.Debug|Any CPU.ActiveCfg = Debug|Any CPU
		{9BFA2245-E8D2-442A-AD81-55D37A9E19A9}.Debug|Any CPU.Build.0 = Debug|Any CPU
		{9BFA2245-E8D2-442A-AD81-55D37A9E19A9}.Release|Any CPU.ActiveCfg = Release|Any CPU
		{9BFA2245-E8D2-442A-AD81-55D37A9E19A9}.Release|Any CPU.Build.0 = Release|Any CPU
	EndGlobalSection
	GlobalSection(SolutionProperties) = preSolution
		HideSolutionNode = FALSE
	EndGlobalSection
EndGlobal
